
Microsoft Visual Studio Solution File, Format Version 12.00
# Visual Studio Version 17
VisualStudioVersion = 17.2.32630.192
MinimumVisualStudioVersion = 10.0.40219.1
Project("{8BC9CEB8-8B4A-11D0-8D11-00A0C91BC942}") = "moviemaker", "moviemaker.vcxproj", "{20531854-73C7-4DA4-919E-13027CD8D479}"
EndProject
Global
	GlobalSection(SolutionConfigurationPlatforms) = preSolution
		Debug|x64 = Debug|x64
		Debug|x86 = Debug|x86
		Release|x64 = Release|x64
		Release|x86 = Release|x86
	EndGlobalSection
	GlobalSection(ProjectConfigurationPlatforms) = postSolution
		{20531854-73C7-4DA4-919E-13027CD8D479}.Debug|x64.ActiveCfg = Debug|x64
		{20531854-73C7-4DA4-919E-13027CD8D479}.Debug|x64.Build.0 = Debug|x64
		{20531854-73C7-4DA4-919E-13027CD8D479}.Debug|x86.ActiveCfg = Debug|x64
		{20531854-73C7-4DA4-919E-13027CD8D479}.Release|x64.ActiveCfg = Release|x64
		{20531854-73C7-4DA4-919E-13027CD8D479}.Release|x64.Build.0 = Release|x64
		{20531854-73C7-4DA4-919E-13027CD8D479}.Release|x86.ActiveCfg = Release|x64
	EndGlobalSection
	GlobalSection(SolutionProperties) = preSolution
		HideSolutionNode = FALSE
	EndGlobalSection
	GlobalSection(ExtensibilityGlobals) = postSolution
		SolutionGuid = {36E81F3A-6D89-4FB2-B68B-BFB2E3DD93F1}
	EndGlobalSection
EndGlobal
